
Microsoft Visual Studio Solution File, Format Version 12.00
# Visual Studio Version 17
VisualStudioVersion = 17.12.35707.178
MinimumVisualStudioVersion = 10.0.40219.1
Project("{FAE04EC0-301F-11D3-BF4B-00C04F79EFBC}") = "algo-class-portfolio-npulley", "algo-class-portfolio-npulley\algo-class-portfolio-npulley.csproj", "{6F341774-75C7-4FC7-A1B9-8D6A4E3B0556}"
EndProject
Project("{FAE04EC0-301F-11D3-BF4B-00C04F79EFBC}") = "UnitTests", "UnitTests\UnitTests.csproj", "{4286C068-B436-4473-933C-78F457E55C42}"
EndProject
Project("{FAE04EC0-301F-11D3-BF4B-00C04F79EFBC}") = "HanoiTower", "HanoiTower\HanoiTower.csproj", "{946FA733-C2AA-491E-A55A-30E74BAB9F8A}"
EndProject
Project("{FAE04EC0-301F-11D3-BF4B-00C04F79EFBC}") = "KarlTeaching", "KarlTeaching\KarlTeaching.csproj", "{66967111-B702-4726-82B2-1D81217A2228}"
EndProject
Global
	GlobalSection(SolutionConfigurationPlatforms) = preSolution
		Debug|Any CPU = Debug|Any CPU
		Release|Any CPU = Release|Any CPU
	EndGlobalSection
	GlobalSection(ProjectConfigurationPlatforms) = postSolution
		{6F341774-75C7-4FC7-A1B9-8D6A4E3B0556}.Debug|Any CPU.ActiveCfg = Debug|Any CPU
		{6F341774-75C7-4FC7-A1B9-8D6A4E3B0556}.Debug|Any CPU.Build.0 = Debug|Any CPU
		{6F341774-75C7-4FC7-A1B9-8D6A4E3B0556}.Release|Any CPU.ActiveCfg = Release|Any CPU
		{6F341774-75C7-4FC7-A1B9-8D6A4E3B0556}.Release|Any CPU.Build.0 = Release|Any CPU
		{4286C068-B436-4473-933C-78F457E55C42}.Debug|Any CPU.ActiveCfg = Debug|Any CPU
		{4286C068-B436-4473-933C-78F457E55C42}.Debug|Any CPU.Build.0 = Debug|Any CPU
		{4286C068-B436-4473-933C-78F457E55C42}.Release|Any CPU.ActiveCfg = Release|Any CPU
		{4286C068-B436-4473-933C-78F457E55C42}.Release|Any CPU.Build.0 = Release|Any CPU
		{946FA733-C2AA-491E-A55A-30E74BAB9F8A}.Debug|Any CPU.ActiveCfg = Debug|Any CPU
		{946FA733-C2AA-491E-A55A-30E74BAB9F8A}.Debug|Any CPU.Build.0 = Debug|Any CPU
		{946FA733-C2AA-491E-A55A-30E74BAB9F8A}.Release|Any CPU.ActiveCfg = Release|Any CPU
		{946FA733-C2AA-491E-A55A-30E74BAB9F8A}.Release|Any CPU.Build.0 = Release|Any CPU
		{66967111-B702-4726-82B2-1D81217A2228}.Debug|Any CPU.ActiveCfg = Debug|Any CPU
		{66967111-B702-4726-82B2-1D81217A2228}.Debug|Any CPU.Build.0 = Debug|Any CPU
		{66967111-B702-4726-82B2-1D81217A2228}.Release|Any CPU.ActiveCfg = Release|Any CPU
		{66967111-B702-4726-82B2-1D81217A2228}.Release|Any CPU.Build.0 = Release|Any CPU
	EndGlobalSection
	GlobalSection(SolutionProperties) = preSolution
		HideSolutionNode = FALSE
	EndGlobalSection
	GlobalSection(ExtensibilityGlobals) = postSolution
		SolutionGuid = {672A1CA3-8536-4941-AFD8-7BA980442293}
	EndGlobalSection
EndGlobal
